
Microsoft Visual Studio Solution File, Format Version 12.00
# Visual Studio Version 17
VisualStudioVersion = 17.9.34728.123
MinimumVisualStudioVersion = 10.0.40219.1
Project("{FAE04EC0-301F-11D3-BF4B-00C04F79EFBC}") = "String GAME", "String GAME\String GAME.csproj", "{0BB8E725-0D7C-4094-ABC5-38F61A1B8C40}"
EndProject
Global
	GlobalSection(SolutionConfigurationPlatforms) = preSolution
		Debug|Any CPU = Debug|Any CPU
		Release|Any CPU = Release|Any CPU
	EndGlobalSection
	GlobalSection(ProjectConfigurationPlatforms) = postSolution
		{0BB8E725-0D7C-4094-ABC5-38F61A1B8C40}.Debug|Any CPU.ActiveCfg = Debug|Any CPU
		{0BB8E725-0D7C-4094-ABC5-38F61A1B8C40}.Debug|Any CPU.Build.0 = Debug|Any CPU
		{0BB8E725-0D7C-4094-ABC5-38F61A1B8C40}.Release|Any CPU.ActiveCfg = Release|Any CPU
		{0BB8E725-0D7C-4094-ABC5-38F61A1B8C40}.Release|Any CPU.Build.0 = Release|Any CPU
	EndGlobalSection
	GlobalSection(SolutionProperties) = preSolution
		HideSolutionNode = FALSE
	EndGlobalSection
	GlobalSection(ExtensibilityGlobals) = postSolution
		SolutionGuid = {442E1A78-F373-44D5-8AC4-963D8E482A2E}
	EndGlobalSection
EndGlobal
